
Microsoft Visual Studio Solution File, Format Version 12.00
# Visual Studio Version 16
VisualStudioVersion = 16.0.31025.194
MinimumVisualStudioVersion = 10.0.40219.1
Project("{FAE04EC0-301F-11D3-BF4B-00C04F79EFBC}") = "App2.Android", "App1\App1.Android\App2.Android.csproj", "{8B177807-C7CF-426B-AC0F-E688524B0601}"
EndProject
Project("{FAE04EC0-301F-11D3-BF4B-00C04F79EFBC}") = "App2.iOS", "App1\App1.iOS\App2.iOS.csproj", "{6BB69863-7165-4B18-85BC-AABA2C3D7092}"
EndProject
Project("{9A19103F-16F7-4668-BE54-9A1E7A4F7556}") = "App2", "App1\App1\App2.csproj", "{6D70973B-D0A0-450B-96E0-BB04AD95DECB}"
EndProject
Global
	GlobalSection(SolutionConfigurationPlatforms) = preSolution
		Debug|Any CPU = Debug|Any CPU
		Debug|iPhone = Debug|iPhone
		Debug|iPhoneSimulator = Debug|iPhoneSimulator
		Release|Any CPU = Release|Any CPU
		Release|iPhone = Release|iPhone
		Release|iPhoneSimulator = Release|iPhoneSimulator
	EndGlobalSection
	GlobalSection(ProjectConfigurationPlatforms) = postSolution
		{8B177807-C7CF-426B-AC0F-E688524B0601}.Debug|Any CPU.ActiveCfg = Debug|Any CPU
		{8B177807-C7CF-426B-AC0F-E688524B0601}.Debug|Any CPU.Build.0 = Debug|Any CPU
		{8B177807-C7CF-426B-AC0F-E688524B0601}.Debug|Any CPU.Deploy.0 = Debug|Any CPU
		{8B177807-C7CF-426B-AC0F-E688524B0601}.Debug|iPhone.ActiveCfg = Debug|Any CPU
		{8B177807-C7CF-426B-AC0F-E688524B0601}.Debug|iPhone.Build.0 = Debug|Any CPU
		{8B177807-C7CF-426B-AC0F-E688524B0601}.Debug|iPhone.Deploy.0 = Debug|Any CPU
		{8B177807-C7CF-426B-AC0F-E688524B0601}.Debug|iPhoneSimulator.ActiveCfg = Debug|Any CPU
		{8B177807-C7CF-426B-AC0F-E688524B0601}.Debug|iPhoneSimulator.Build.0 = Debug|Any CPU
		{8B177807-C7CF-426B-AC0F-E688524B0601}.Debug|iPhoneSimulator.Deploy.0 = Debug|Any CPU
		{8B177807-C7CF-426B-AC0F-E688524B0601}.Release|Any CPU.ActiveCfg = Release|Any CPU
		{8B177807-C7CF-426B-AC0F-E688524B0601}.Release|Any CPU.Build.0 = Release|Any CPU
		{8B177807-C7CF-426B-AC0F-E688524B0601}.Release|Any CPU.Deploy.0 = Release|Any CPU
		{8B177807-C7CF-426B-AC0F-E688524B0601}.Release|iPhone.ActiveCfg = Release|Any CPU
		{8B177807-C7CF-426B-AC0F-E688524B0601}.Release|iPhone.Build.0 = Release|Any CPU
		{8B177807-C7CF-426B-AC0F-E688524B0601}.Release|iPhone.Deploy.0 = Release|Any CPU
		{8B177807-C7CF-426B-AC0F-E688524B0601}.Release|iPhoneSimulator.ActiveCfg = Release|Any CPU
		{8B177807-C7CF-426B-AC0F-E688524B0601}.Release|iPhoneSimulator.Build.0 = Release|Any CPU
		{8B177807-C7CF-426B-AC0F-E688524B0601}.Release|iPhoneSimulator.Deploy.0 = Release|Any CPU
		{6BB69863-7165-4B18-85BC-AABA2C3D7092}.Debug|Any CPU.ActiveCfg = Debug|iPhone
		{6BB69863-7165-4B18-85BC-AABA2C3D7092}.Debug|Any CPU.Build.0 = Debug|iPhone
		{6BB69863-7165-4B18-85BC-AABA2C3D7092}.Debug|Any CPU.Deploy.0 = Debug|iPhone
		{6BB69863-7165-4B18-85BC-AABA2C3D7092}.Debug|iPhone.ActiveCfg = Debug|iPhone
		{6BB69863-7165-4B18-85BC-AABA2C3D7092}.Debug|iPhone.Build.0 = Debug|iPhone
		{6BB69863-7165-4B18-85BC-AABA2C3D7092}.Debug|iPhone.Deploy.0 = Debug|iPhone
		{6BB69863-7165-4B18-85BC-AABA2C3D7092}.Debug|iPhoneSimulator.ActiveCfg = Debug|iPhoneSimulator
		{6BB69863-7165-4B18-85BC-AABA2C3D7092}.Debug|iPhoneSimulator.Build.0 = Debug|iPhoneSimulator
		{6BB69863-7165-4B18-85BC-AABA2C3D7092}.Debug|iPhoneSimulator.Deploy.0 = Debug|iPhoneSimulator
		{6BB69863-7165-4B18-85BC-AABA2C3D7092}.Release|Any CPU.ActiveCfg = Release|iPhoneSimulator
		{6BB69863-7165-4B18-85BC-AABA2C3D7092}.Release|Any CPU.Build.0 = Release|iPhoneSimulator
		{6BB69863-7165-4B18-85BC-AABA2C3D7092}.Release|Any CPU.Deploy.0 = Release|iPhoneSimulator
		{6BB69863-7165-4B18-85BC-AABA2C3D7092}.Release|iPhone.ActiveCfg = Release|iPhone
		{6BB69863-7165-4B18-85BC-AABA2C3D7092}.Release|iPhone.Build.0 = Release|iPhone
		{6BB69863-7165-4B18-85BC-AABA2C3D7092}.Release|iPhone.Deploy.0 = Release|iPhone
		{6BB69863-7165-4B18-85BC-AABA2C3D7092}.Release|iPhoneSimulator.ActiveCfg = Release|iPhoneSimulator
		{6BB69863-7165-4B18-85BC-AABA2C3D7092}.Release|iPhoneSimulator.Build.0 = Release|iPhoneSimulator
		{6BB69863-7165-4B18-85BC-AABA2C3D7092}.Release|iPhoneSimulator.Deploy.0 = Release|iPhoneSimulator
		{6D70973B-D0A0-450B-96E0-BB04AD95DECB}.Debug|Any CPU.ActiveCfg = Debug|Any CPU
		{6D70973B-D0A0-450B-96E0-BB04AD95DECB}.Debug|Any CPU.Build.0 = Debug|Any CPU
		{6D70973B-D0A0-450B-96E0-BB04AD95DECB}.Debug|Any CPU.Deploy.0 = Debug|Any CPU
		{6D70973B-D0A0-450B-96E0-BB04AD95DECB}.Debug|iPhone.ActiveCfg = Debug|Any CPU
		{6D70973B-D0A0-450B-96E0-BB04AD95DECB}.Debug|iPhone.Build.0 = Debug|Any CPU
		{6D70973B-D0A0-450B-96E0-BB04AD95DECB}.Debug|iPhone.Deploy.0 = Debug|Any CPU
		{6D70973B-D0A0-450B-96E0-BB04AD95DECB}.Debug|iPhoneSimulator.ActiveCfg = Debug|Any CPU
		{6D70973B-D0A0-450B-96E0-BB04AD95DECB}.Debug|iPhoneSimulator.Build.0 = Debug|Any CPU
		{6D70973B-D0A0-450B-96E0-BB04AD95DECB}.Debug|iPhoneSimulator.Deploy.0 = Debug|Any CPU
		{6D70973B-D0A0-450B-96E0-BB04AD95DECB}.Release|Any CPU.ActiveCfg = Release|Any CPU
		{6D70973B-D0A0-450B-96E0-BB04AD95DECB}.Release|Any CPU.Build.0 = Release|Any CPU
		{6D70973B-D0A0-450B-96E0-BB04AD95DECB}.Release|Any CPU.Deploy.0 = Release|Any CPU
		{6D70973B-D0A0-450B-96E0-BB04AD95DECB}.Release|iPhone.ActiveCfg = Release|Any CPU
		{6D70973B-D0A0-450B-96E0-BB04AD95DECB}.Release|iPhone.Build.0 = Release|Any CPU
		{6D70973B-D0A0-450B-96E0-BB04AD95DECB}.Release|iPhone.Deploy.0 = Release|Any CPU
		{6D70973B-D0A0-450B-96E0-BB04AD95DECB}.Release|iPhoneSimulator.ActiveCfg = Release|Any CPU
		{6D70973B-D0A0-450B-96E0-BB04AD95DECB}.Release|iPhoneSimulator.Build.0 = Release|Any CPU
		{6D70973B-D0A0-450B-96E0-BB04AD95DECB}.Release|iPhoneSimulator.Deploy.0 = Release|Any CPU
	EndGlobalSection
	GlobalSection(SolutionProperties) = preSolution
		HideSolutionNode = FALSE
	EndGlobalSection
	GlobalSection(ExtensibilityGlobals) = postSolution
		SolutionGuid = {2037C71A-A447-4F85-93F4-6BE3034F698C}
	EndGlobalSection
EndGlobal
